
Microsoft Visual Studio Solution File, Format Version 12.00
# Visual Studio Version 17
VisualStudioVersion = 17.10.34928.147
MinimumVisualStudioVersion = 10.0.40219.1
Project("{9A19103F-16F7-4668-BE54-9A1E7A4F7556}") = "UKParliamentEndPointsAdmin", "UKParliamentEndPointsAdmin\UKParliamentEndPointsAdmin.csproj", "{FE2E06D0-9272-41DA-8B9E-FFD9DF3C5C2F}"
EndProject
Project("{9A19103F-16F7-4668-BE54-9A1E7A4F7556}") = "UKParliamentEndPointsAdmin.Client", "UKParliamentEndPointsAdmin.Client\UKParliamentEndPointsAdmin.Client.csproj", "{CC626F88-2CFA-4F86-A2C4-B66446B49D57}"
EndProject
Global
	GlobalSection(SolutionConfigurationPlatforms) = preSolution
		Debug|Any CPU = Debug|Any CPU
		Release|Any CPU = Release|Any CPU
	EndGlobalSection
	GlobalSection(ProjectConfigurationPlatforms) = postSolution
		{FE2E06D0-9272-41DA-8B9E-FFD9DF3C5C2F}.Debug|Any CPU.ActiveCfg = Debug|Any CPU
		{FE2E06D0-9272-41DA-8B9E-FFD9DF3C5C2F}.Debug|Any CPU.Build.0 = Debug|Any CPU
		{FE2E06D0-9272-41DA-8B9E-FFD9DF3C5C2F}.Release|Any CPU.ActiveCfg = Release|Any CPU
		{FE2E06D0-9272-41DA-8B9E-FFD9DF3C5C2F}.Release|Any CPU.Build.0 = Release|Any CPU
		{CC626F88-2CFA-4F86-A2C4-B66446B49D57}.Debug|Any CPU.ActiveCfg = Debug|Any CPU
		{CC626F88-2CFA-4F86-A2C4-B66446B49D57}.Debug|Any CPU.Build.0 = Debug|Any CPU
		{CC626F88-2CFA-4F86-A2C4-B66446B49D57}.Release|Any CPU.ActiveCfg = Release|Any CPU
		{CC626F88-2CFA-4F86-A2C4-B66446B49D57}.Release|Any CPU.Build.0 = Release|Any CPU
	EndGlobalSection
	GlobalSection(SolutionProperties) = preSolution
		HideSolutionNode = FALSE
	EndGlobalSection
	GlobalSection(ExtensibilityGlobals) = postSolution
		SolutionGuid = {DFDCBF76-8BDA-4178-951A-7D39AC33E281}
	EndGlobalSection
EndGlobal
